// !$*UTF8*$!
{
	archiveVersion = 1;
	classes = {
	};
	objectVersion = 56;
	objects = {

/* Begin PBXBuildFile section */
		2490465B2C802E4300295549 /* watchOS Speech Timing Watch App.app in Embed Watch Content */ = {isa = PBXBuildFile; fileRef = 2490465A2C802E4300295549 /* watchOS Speech Timing Watch App.app */; settings = {ATTRIBUTES = (RemoveHeadersOnCopy, ); }; };
		249046602C802E4300295549 /* watchOS_Speech_TimingApp.swift in Sources */ = {isa = PBXBuildFile; fileRef = 2490465F2C802E4300295549 /* watchOS_Speech_TimingApp.swift */; };
		249046622C802E4300295549 /* ContentView.swift in Sources */ = {isa = PBXBuildFile; fileRef = 249046612C802E4300295549 /* ContentView.swift */; };
		249046642C802E4D00295549 /* Assets.xcassets in Resources */ = {isa = PBXBuildFile; fileRef = 249046632C802E4D00295549 /* Assets.xcassets */; };
		249046672C802E4D00295549 /* Preview Assets.xcassets in Resources */ = {isa = PBXBuildFile; fileRef = 249046662C802E4D00295549 /* Preview Assets.xcassets */; };
		249046732C803D6D00295549 /* TestingView.swift in Sources */ = {isa = PBXBuildFile; fileRef = 249046722C803D6D00295549 /* TestingView.swift */; };
		249046762C8103BB00295549 /* ProjectTimer.swift in Sources */ = {isa = PBXBuildFile; fileRef = 249046752C8103BB00295549 /* ProjectTimer.swift */; };
		2490467B2C8113C400295549 /* TimeQueue.swift in Sources */ = {isa = PBXBuildFile; fileRef = 2490467A2C8113C400295549 /* TimeQueue.swift */; };
		2490467D2C81171900295549 /* QueueView.swift in Sources */ = {isa = PBXBuildFile; fileRef = 2490467C2C81171900295549 /* QueueView.swift */; };
		249046822C81700F00295549 /* Files in Resources */ = {isa = PBXBuildFile; fileRef = 249046812C81700F00295549 /* Files */; };
		249046852C84ACBA00295549 /* SelectViewQueueFile.swift in Sources */ = {isa = PBXBuildFile; fileRef = 249046842C84ACBA00295549 /* SelectViewQueueFile.swift */; };
		249046872C84B27000295549 /* QueueCreationView.swift in Sources */ = {isa = PBXBuildFile; fileRef = 249046862C84B27000295549 /* QueueCreationView.swift */; };
		249046892C8967F300295549 /* RunQueues.swift in Sources */ = {isa = PBXBuildFile; fileRef = 249046882C8967F300295549 /* RunQueues.swift */; };
		2490468B2C91F4AA00295549 /* MessageView.swift in Sources */ = {isa = PBXBuildFile; fileRef = 2490468A2C91F4AA00295549 /* MessageView.swift */; };
/* End PBXBuildFile section */

/* Begin PBXContainerItemProxy section */
		2490465C2C802E4300295549 /* PBXContainerItemProxy */ = {
			isa = PBXContainerItemProxy;
			containerPortal = 2490464E2C802E4300295549 /* Project object */;
			proxyType = 1;
			remoteGlobalIDString = 249046592C802E4300295549;
			remoteInfo = "watchOS Speech Timing Watch App";
		};
/* End PBXContainerItemProxy section */

/* Begin PBXCopyFilesBuildPhase section */
		2490466D2C802E4D00295549 /* Embed Watch Content */ = {
			isa = PBXCopyFilesBuildPhase;
			buildActionMask = 2147483647;
			dstPath = "$(CONTENTS_FOLDER_PATH)/Watch";
			dstSubfolderSpec = 16;
			files = (
				2490465B2C802E4300295549 /* watchOS Speech Timing Watch App.app in Embed Watch Content */,
			);
			name = "Embed Watch Content";
			runOnlyForDeploymentPostprocessing = 0;
		};
/* End PBXCopyFilesBuildPhase section */

/* Begin PBXFileReference section */
		249046542C802E4300295549 /* watchOS Speech Timing.app */ = {isa = PBXFileReference; explicitFileType = wrapper.application; includeInIndex = 0; path = "watchOS Speech Timing.app"; sourceTree = BUILT_PRODUCTS_DIR; };
		2490465A2C802E4300295549 /* watchOS Speech Timing Watch App.app */ = {isa = PBXFileReference; explicitFileType = wrapper.application; includeInIndex = 0; path = "watchOS Speech Timing Watch App.app"; sourceTree = BUILT_PRODUCTS_DIR; };
		2490465F2C802E4300295549 /* watchOS_Speech_TimingApp.swift */ = {isa = PBXFileReference; lastKnownFileType = sourcecode.swift; path = watchOS_Speech_TimingApp.swift; sourceTree = "<group>"; };
		249046612C802E4300295549 /* ContentView.swift */ = {isa = PBXFileReference; lastKnownFileType = sourcecode.swift; path = ContentView.swift; sourceTree = "<group>"; };
		249046632C802E4D00295549 /* Assets.xcassets */ = {isa = PBXFileReference; lastKnownFileType = folder.assetcatalog; path = Assets.xcassets; sourceTree = "<group>"; };
		249046662C802E4D00295549 /* Preview Assets.xcassets */ = {isa = PBXFileReference; lastKnownFileType = folder.assetcatalog; path = "Preview Assets.xcassets"; sourceTree = "<group>"; };
		249046722C803D6D00295549 /* TestingView.swift */ = {isa = PBXFileReference; lastKnownFileType = sourcecode.swift; path = TestingView.swift; sourceTree = "<group>"; };
		249046752C8103BB00295549 /* ProjectTimer.swift */ = {isa = PBXFileReference; lastKnownFileType = sourcecode.swift; path = ProjectTimer.swift; sourceTree = "<group>"; };
		2490467A2C8113C400295549 /* TimeQueue.swift */ = {isa = PBXFileReference; lastKnownFileType = sourcecode.swift; path = TimeQueue.swift; sourceTree = "<group>"; };
		2490467C2C81171900295549 /* QueueView.swift */ = {isa = PBXFileReference; lastKnownFileType = sourcecode.swift; path = QueueView.swift; sourceTree = "<group>"; };
		249046812C81700F00295549 /* Files */ = {isa = PBXFileReference; lastKnownFileType = folder; path = Files; sourceTree = "<group>"; };
		249046842C84ACBA00295549 /* SelectViewQueueFile.swift */ = {isa = PBXFileReference; lastKnownFileType = sourcecode.swift; path = SelectViewQueueFile.swift; sourceTree = "<group>"; };
		249046862C84B27000295549 /* QueueCreationView.swift */ = {isa = PBXFileReference; lastKnownFileType = sourcecode.swift; path = QueueCreationView.swift; sourceTree = "<group>"; };
		249046882C8967F300295549 /* RunQueues.swift */ = {isa = PBXFileReference; lastKnownFileType = sourcecode.swift; path = RunQueues.swift; sourceTree = "<group>"; };
		2490468A2C91F4AA00295549 /* MessageView.swift */ = {isa = PBXFileReference; lastKnownFileType = sourcecode.swift; path = MessageView.swift; sourceTree = "<group>"; };
/* End PBXFileReference section */

/* Begin PBXFrameworksBuildPhase section */
		249046572C802E4300295549 /* Frameworks */ = {
			isa = PBXFrameworksBuildPhase;
			buildActionMask = 2147483647;
			files = (
			);
			runOnlyForDeploymentPostprocessing = 0;
		};
/* End PBXFrameworksBuildPhase section */

/* Begin PBXGroup section */
		2490464D2C802E4300295549 = {
			isa = PBXGroup;
			children = (
				2490465E2C802E4300295549 /* watchOS Speech Timing Watch App */,
				249046552C802E4300295549 /* Products */,
			);
			sourceTree = "<group>";
		};
		249046552C802E4300295549 /* Products */ = {
			isa = PBXGroup;
			children = (
				249046542C802E4300295549 /* watchOS Speech Timing.app */,
				2490465A2C802E4300295549 /* watchOS Speech Timing Watch App.app */,
			);
			name = Products;
			sourceTree = "<group>";
		};
		2490465E2C802E4300295549 /* watchOS Speech Timing Watch App */ = {
			isa = PBXGroup;
			children = (
				249046812C81700F00295549 /* Files */,
				249046742C81039400295549 /* Utils */,
				249046712C803D4700295549 /* Views */,
				2490465F2C802E4300295549 /* watchOS_Speech_TimingApp.swift */,
				249046612C802E4300295549 /* ContentView.swift */,
				249046632C802E4D00295549 /* Assets.xcassets */,
				249046652C802E4D00295549 /* Preview Content */,
			);
			path = "watchOS Speech Timing Watch App";
			sourceTree = "<group>";
		};
		249046652C802E4D00295549 /* Preview Content */ = {
			isa = PBXGroup;
			children = (
				249046662C802E4D00295549 /* Preview Assets.xcassets */,
			);
			path = "Preview Content";
			sourceTree = "<group>";
		};
		249046712C803D4700295549 /* Views */ = {
			isa = PBXGroup;
			children = (
				249046722C803D6D00295549 /* TestingView.swift */,
				2490467C2C81171900295549 /* QueueView.swift */,
				249046842C84ACBA00295549 /* SelectViewQueueFile.swift */,
				249046862C84B27000295549 /* QueueCreationView.swift */,
				249046882C8967F300295549 /* RunQueues.swift */,
				2490468A2C91F4AA00295549 /* MessageView.swift */,
			);
			path = Views;
			sourceTree = "<group>";
		};
		249046742C81039400295549 /* Utils */ = {
			isa = PBXGroup;
			children = (
				249046752C8103BB00295549 /* ProjectTimer.swift */,
				2490467A2C8113C400295549 /* TimeQueue.swift */,
			);
			path = Utils;
			sourceTree = "<group>";
		};
/* End PBXGroup section */

/* Begin PBXNativeTarget section */
		249046532C802E4300295549 /* watchOS Speech Timing */ = {
			isa = PBXNativeTarget;
			buildConfigurationList = 2490466E2C802E4D00295549 /* Build configuration list for PBXNativeTarget "watchOS Speech Timing" */;
			buildPhases = (
				249046522C802E4300295549 /* Resources */,
				2490466D2C802E4D00295549 /* Embed Watch Content */,
			);
			buildRules = (
			);
			dependencies = (
				2490465D2C802E4300295549 /* PBXTargetDependency */,
			);
			name = "watchOS Speech Timing";
			productName = "watchOS Speech Timing";
			productReference = 249046542C802E4300295549 /* watchOS Speech Timing.app */;
			productType = "com.apple.product-type.application.watchapp2-container";
		};
		249046592C802E4300295549 /* watchOS Speech Timing Watch App */ = {
			isa = PBXNativeTarget;
			buildConfigurationList = 2490466A2C802E4D00295549 /* Build configuration list for PBXNativeTarget "watchOS Speech Timing Watch App" */;
			buildPhases = (
				249046562C802E4300295549 /* Sources */,
				249046572C802E4300295549 /* Frameworks */,
				249046582C802E4300295549 /* Resources */,
			);
			buildRules = (
			);
			dependencies = (
			);
			name = "watchOS Speech Timing Watch App";
			productName = "watchOS Speech Timing Watch App";
			productReference = 2490465A2C802E4300295549 /* watchOS Speech Timing Watch App.app */;
			productType = "com.apple.product-type.application";
		};
/* End PBXNativeTarget section */

/* Begin PBXProject section */
		2490464E2C802E4300295549 /* Project object */ = {
			isa = PBXProject;
			attributes = {
				BuildIndependentTargetsInParallel = 1;
				LastSwiftUpdateCheck = 1540;
				LastUpgradeCheck = 1540;
				TargetAttributes = {
					249046532C802E4300295549 = {
						CreatedOnToolsVersion = 15.4;
					};
					249046592C802E4300295549 = {
						CreatedOnToolsVersion = 15.4;
					};
				};
			};
			buildConfigurationList = 249046512C802E4300295549 /* Build configuration list for PBXProject "watchOS Speech Timing" */;
			compatibilityVersion = "Xcode 14.0";
			developmentRegion = en;
			hasScannedForEncodings = 0;
			knownRegions = (
				en,
				Base,
			);
			mainGroup = 2490464D2C802E4300295549;
			productRefGroup = 249046552C802E4300295549 /* Products */;
			projectDirPath = "";
			projectRoot = "";
			targets = (
				249046532C802E4300295549 /* watchOS Speech Timing */,
				249046592C802E4300295549 /* watchOS Speech Timing Watch App */,
			);
		};
/* End PBXProject section */

/* Begin PBXResourcesBuildPhase section */
		249046522C802E4300295549 /* Resources */ = {
			isa = PBXResourcesBuildPhase;
			buildActionMask = 2147483647;
			files = (
			);
			runOnlyForDeploymentPostprocessing = 0;
		};
		249046582C802E4300295549 /* Resources */ = {
			isa = PBXResourcesBuildPhase;
			buildActionMask = 2147483647;
			files = (
				249046822C81700F00295549 /* Files in Resources */,
				249046672C802E4D00295549 /* Preview Assets.xcassets in Resources */,
				249046642C802E4D00295549 /* Assets.xcassets in Resources */,
			);
			runOnlyForDeploymentPostprocessing = 0;
		};
/* End PBXResourcesBuildPhase section */

/* Begin PBXSourcesBuildPhase section */
		249046562C802E4300295549 /* Sources */ = {
			isa = PBXSourcesBuildPhase;
			buildActionMask = 2147483647;
			files = (
				2490467D2C81171900295549 /* QueueView.swift in Sources */,
				249046852C84ACBA00295549 /* SelectViewQueueFile.swift in Sources */,
				249046732C803D6D00295549 /* TestingView.swift in Sources */,
				249046762C8103BB00295549 /* ProjectTimer.swift in Sources */,
				2490468B2C91F4AA00295549 /* MessageView.swift in Sources */,
				249046622C802E4300295549 /* ContentView.swift in Sources */,
				249046602C802E4300295549 /* watchOS_Speech_TimingApp.swift in Sources */,
				249046892C8967F300295549 /* RunQueues.swift in Sources */,
				2490467B2C8113C400295549 /* TimeQueue.swift in Sources */,
				249046872C84B27000295549 /* QueueCreationView.swift in Sources */,
			);
			runOnlyForDeploymentPostprocessing = 0;
		};
/* End PBXSourcesBuildPhase section */

/* Begin PBXTargetDependency section */
		2490465D2C802E4300295549 /* PBXTargetDependency */ = {
			isa = PBXTargetDependency;
			target = 249046592C802E4300295549 /* watchOS Speech Timing Watch App */;
			targetProxy = 2490465C2C802E4300295549 /* PBXContainerItemProxy */;
		};
/* End PBXTargetDependency section */

/* Begin XCBuildConfiguration section */
		249046682C802E4D00295549 /* Debug */ = {
			isa = XCBuildConfiguration;
			buildSettings = {
				ALWAYS_SEARCH_USER_PATHS = NO;
				ASSETCATALOG_COMPILER_GENERATE_SWIFT_ASSET_SYMBOL_EXTENSIONS = YES;
				CLANG_ANALYZER_NONNULL = YES;
				CLANG_ANALYZER_NUMBER_OBJECT_CONVERSION = YES_AGGRESSIVE;
				CLANG_CXX_LANGUAGE_STANDARD = "gnu++20";
				CLANG_ENABLE_MODULES = YES;
				CLANG_ENABLE_OBJC_ARC = YES;
				CLANG_ENABLE_OBJC_WEAK = YES;
				CLANG_WARN_BLOCK_CAPTURE_AUTORELEASING = YES;
				CLANG_WARN_BOOL_CONVERSION = YES;
				CLANG_WARN_COMMA = YES;
				CLANG_WARN_CONSTANT_CONVERSION = YES;
				CLANG_WARN_DEPRECATED_OBJC_IMPLEMENTATIONS = YES;
				CLANG_WARN_DIRECT_OBJC_ISA_USAGE = YES_ERROR;
				CLANG_WARN_DOCUMENTATION_COMMENTS = YES;
				CLANG_WARN_EMPTY_BODY = YES;
				CLANG_WARN_ENUM_CONVERSION = YES;
				CLANG_WARN_INFINITE_RECURSION = YES;
				CLANG_WARN_INT_CONVERSION = YES;
				CLANG_WARN_NON_LITERAL_NULL_CONVERSION = YES;
				CLANG_WARN_OBJC_IMPLICIT_RETAIN_SELF = YES;
				CLANG_WARN_OBJC_LITERAL_CONVERSION = YES;
				CLANG_WARN_OBJC_ROOT_CLASS = YES_ERROR;
				CLANG_WARN_QUOTED_INCLUDE_IN_FRAMEWORK_HEADER = YES;
				CLANG_WARN_RANGE_LOOP_ANALYSIS = YES;
				CLANG_WARN_STRICT_PROTOTYPES = YES;
				CLANG_WARN_SUSPICIOUS_MOVE = YES;
				CLANG_WARN_UNGUARDED_AVAILABILITY = YES_AGGRESSIVE;
				CLANG_WARN_UNREACHABLE_CODE = YES;
				CLANG_WARN__DUPLICATE_METHOD_MATCH = YES;
				COPY_PHASE_STRIP = NO;
				DEBUG_INFORMATION_FORMAT = dwarf;
				ENABLE_STRICT_OBJC_MSGSEND = YES;
				ENABLE_TESTABILITY = YES;
				ENABLE_USER_SCRIPT_SANDBOXING = YES;
				GCC_C_LANGUAGE_STANDARD = gnu17;
				GCC_DYNAMIC_NO_PIC = NO;
				GCC_NO_COMMON_BLOCKS = YES;
				GCC_OPTIMIZATION_LEVEL = 0;
				GCC_PREPROCESSOR_DEFINITIONS = (
					"DEBUG=1",
					"$(inherited)",
				);
				GCC_WARN_64_TO_32_BIT_CONVERSION = YES;
				GCC_WARN_ABOUT_RETURN_TYPE = YES_ERROR;
				GCC_WARN_UNDECLARED_SELECTOR = YES;
				GCC_WARN_UNINITIALIZED_AUTOS = YES_AGGRESSIVE;
				GCC_WARN_UNUSED_FUNCTION = YES;
				GCC_WARN_UNUSED_VARIABLE = YES;
				LOCALIZATION_PREFERS_STRING_CATALOGS = YES;
				MTL_ENABLE_DEBUG_INFO = INCLUDE_SOURCE;
				MTL_FAST_MATH = YES;
				ONLY_ACTIVE_ARCH = YES;
				SWIFT_ACTIVE_COMPILATION_CONDITIONS = "DEBUG $(inherited)";
				SWIFT_OPTIMIZATION_LEVEL = "-Onone";
			};
			name = Debug;
		};
		249046692C802E4D00295549 /* Release */ = {
			isa = XCBuildConfiguration;
			buildSettings = {
				ALWAYS_SEARCH_USER_PATHS = NO;
				ASSETCATALOG_COMPILER_GENERATE_SWIFT_ASSET_SYMBOL_EXTENSIONS = YES;
				CLANG_ANALYZER_NONNULL = YES;
				CLANG_ANALYZER_NUMBER_OBJECT_CONVERSION = YES_AGGRESSIVE;
				CLANG_CXX_LANGUAGE_STANDARD = "gnu++20";
				CLANG_ENABLE_MODULES = YES;
				CLANG_ENABLE_OBJC_ARC = YES;
				CLANG_ENABLE_OBJC_WEAK = YES;
				CLANG_WARN_BLOCK_CAPTURE_AUTORELEASING = YES;
				CLANG_WARN_BOOL_CONVERSION = YES;
				CLANG_WARN_COMMA = YES;
				CLANG_WARN_CONSTANT_CONVERSION = YES;
				CLANG_WARN_DEPRECATED_OBJC_IMPLEMENTATIONS = YES;
				CLANG_WARN_DIRECT_OBJC_ISA_USAGE = YES_ERROR;
				CLANG_WARN_DOCUMENTATION_COMMENTS = YES;
				CLANG_WARN_EMPTY_BODY = YES;
				CLANG_WARN_ENUM_CONVERSION = YES;
				CLANG_WARN_INFINITE_RECURSION = YES;
				CLANG_WARN_INT_CONVERSION = YES;
				CLANG_WARN_NON_LITERAL_NULL_CONVERSION = YES;
				CLANG_WARN_OBJC_IMPLICIT_RETAIN_SELF = YES;
				CLANG_WARN_OBJC_LITERAL_CONVERSION = YES;
				CLANG_WARN_OBJC_ROOT_CLASS = YES_ERROR;
				CLANG_WARN_QUOTED_INCLUDE_IN_FRAMEWORK_HEADER = YES;
				CLANG_WARN_RANGE_LOOP_ANALYSIS = YES;
				CLANG_WARN_STRICT_PROTOTYPES = YES;
				CLANG_WARN_SUSPICIOUS_MOVE = YES;
				CLANG_WARN_UNGUARDED_AVAILABILITY = YES_AGGRESSIVE;
				CLANG_WARN_UNREACHABLE_CODE = YES;
				CLANG_WARN__DUPLICATE_METHOD_MATCH = YES;
				COPY_PHASE_STRIP = NO;
				DEBUG_INFORMATION_FORMAT = "dwarf-with-dsym";
				ENABLE_NS_ASSERTIONS = NO;
				ENABLE_STRICT_OBJC_MSGSEND = YES;
				ENABLE_USER_SCRIPT_SANDBOXING = YES;
				GCC_C_LANGUAGE_STANDARD = gnu17;
				GCC_NO_COMMON_BLOCKS = YES;
				GCC_WARN_64_TO_32_BIT_CONVERSION = YES;
				GCC_WARN_ABOUT_RETURN_TYPE = YES_ERROR;
				GCC_WARN_UNDECLARED_SELECTOR = YES;
				GCC_WARN_UNINITIALIZED_AUTOS = YES_AGGRESSIVE;
				GCC_WARN_UNUSED_FUNCTION = YES;
				GCC_WARN_UNUSED_VARIABLE = YES;
				LOCALIZATION_PREFERS_STRING_CATALOGS = YES;
				MTL_ENABLE_DEBUG_INFO = NO;
				MTL_FAST_MATH = YES;
				SWIFT_COMPILATION_MODE = wholemodule;
			};
			name = Release;
		};
		2490466B2C802E4D00295549 /* Debug */ = {
			isa = XCBuildConfiguration;
			buildSettings = {
				ASSETCATALOG_COMPILER_APPICON_NAME = AppIcon;
				ASSETCATALOG_COMPILER_GLOBAL_ACCENT_COLOR_NAME = AccentColor;
				CODE_SIGN_STYLE = Automatic;
				CURRENT_PROJECT_VERSION = 1;
				DEVELOPMENT_ASSET_PATHS = "\"watchOS Speech Timing Watch App/Preview Content\"";
				ENABLE_PREVIEWS = YES;
				GENERATE_INFOPLIST_FILE = YES;
				INFOPLIST_KEY_CFBundleDisplayName = "watchOS Speech Timing";
				INFOPLIST_KEY_UISupportedInterfaceOrientations = "UIInterfaceOrientationPortrait UIInterfaceOrientationPortraitUpsideDown";
				INFOPLIST_KEY_WKWatchOnly = YES;
				LD_RUNPATH_SEARCH_PATHS = (
					"$(inherited)",
					"@executable_path/Frameworks",
				);
				MARKETING_VERSION = 1.0;
				PRODUCT_BUNDLE_IDENTIFIER = "personal.watchOS-Speech-Timing.watchkitapp";
				PRODUCT_NAME = "$(TARGET_NAME)";
				SDKROOT = watchos;
				SKIP_INSTALL = YES;
				SWIFT_EMIT_LOC_STRINGS = YES;
				SWIFT_VERSION = 5.0;
				TARGETED_DEVICE_FAMILY = 4;
				WATCHOS_DEPLOYMENT_TARGET = 10.5;
			};
			name = Debug;
		};
		2490466C2C802E4D00295549 /* Release */ = {
			isa = XCBuildConfiguration;
			buildSettings = {
				ASSETCATALOG_COMPILER_APPICON_NAME = AppIcon;
				ASSETCATALOG_COMPILER_GLOBAL_ACCENT_COLOR_NAME = AccentColor;
				CODE_SIGN_STYLE = Automatic;
				CURRENT_PROJECT_VERSION = 1;
				DEVELOPMENT_ASSET_PATHS = "\"watchOS Speech Timing Watch App/Preview Content\"";
				ENABLE_PREVIEWS = YES;
				GENERATE_INFOPLIST_FILE = YES;
				INFOPLIST_KEY_CFBundleDisplayName = "watchOS Speech Timing";
				INFOPLIST_KEY_UISupportedInterfaceOrientations = "UIInterfaceOrientationPortrait UIInterfaceOrientationPortraitUpsideDown";
				INFOPLIST_KEY_WKWatchOnly = YES;
				LD_RUNPATH_SEARCH_PATHS = (
					"$(inherited)",
					"@executable_path/Frameworks",
				);
				MARKETING_VERSION = 1.0;
				PRODUCT_BUNDLE_IDENTIFIER = "personal.watchOS-Speech-Timing.watchkitapp";
				PRODUCT_NAME = "$(TARGET_NAME)";
				SDKROOT = watchos;
				SKIP_INSTALL = YES;
				SWIFT_EMIT_LOC_STRINGS = YES;
				SWIFT_VERSION = 5.0;
				TARGETED_DEVICE_FAMILY = 4;
				VALIDATE_PRODUCT = YES;
				WATCHOS_DEPLOYMENT_TARGET = 10.5;
			};
			name = Release;
		};
		2490466F2C802E4D00295549 /* Debug */ = {
			isa = XCBuildConfiguration;
			buildSettings = {
				ALWAYS_EMBED_SWIFT_STANDARD_LIBRARIES = YES;
				CODE_SIGN_STYLE = Automatic;
				CURRENT_PROJECT_VERSION = 1;
				INFOPLIST_KEY_CFBundleDisplayName = "watchOS Speech Timing";
				MARKETING_VERSION = 1.0;
				PRODUCT_BUNDLE_IDENTIFIER = "personal.watchOS-Speech-Timing";
				PRODUCT_NAME = "$(TARGET_NAME)";
				SDKROOT = iphoneos;
				SWIFT_VERSION = 5.0;
			};
			name = Debug;
		};
		249046702C802E4D00295549 /* Release */ = {
			isa = XCBuildConfiguration;
			buildSettings = {
				ALWAYS_EMBED_SWIFT_STANDARD_LIBRARIES = YES;
				CODE_SIGN_STYLE = Automatic;
				CURRENT_PROJECT_VERSION = 1;
				INFOPLIST_KEY_CFBundleDisplayName = "watchOS Speech Timing";
				MARKETING_VERSION = 1.0;
				PRODUCT_BUNDLE_IDENTIFIER = "personal.watchOS-Speech-Timing";
				PRODUCT_NAME = "$(TARGET_NAME)";
				SDKROOT = iphoneos;
				SWIFT_VERSION = 5.0;
				VALIDATE_PRODUCT = YES;
			};
			name = Release;
		};
/* End XCBuildConfiguration section */

/* Begin XCConfigurationList section */
		249046512C802E4300295549 /* Build configuration list for PBXProject "watchOS Speech Timing" */ = {
			isa = XCConfigurationList;
			buildConfigurations = (
				249046682C802E4D00295549 /* Debug */,
				249046692C802E4D00295549 /* Release */,
			);
			defaultConfigurationIsVisible = 0;
			defaultConfigurationName = Release;
		};
		2490466A2C802E4D00295549 /* Build configuration list for PBXNativeTarget "watchOS Speech Timing Watch App" */ = {
			isa = XCConfigurationList;
			buildConfigurations = (
				2490466B2C802E4D00295549 /* Debug */,
				2490466C2C802E4D00295549 /* Release */,
			);
			defaultConfigurationIsVisible = 0;
			defaultConfigurationName = Release;
		};
		2490466E2C802E4D00295549 /* Build configuration list for PBXNativeTarget "watchOS Speech Timing" */ = {
			isa = XCConfigurationList;
			buildConfigurations = (
				2490466F2C802E4D00295549 /* Debug */,
				249046702C802E4D00295549 /* Release */,
			);
			defaultConfigurationIsVisible = 0;
			defaultConfigurationName = Release;
		};
/* End XCConfigurationList section */
	};
	rootObject = 2490464E2C802E4300295549 /* Project object */;
}
